{
  "name": "websocket_server",
  "version": "1.0.0",
  "lockfileVersion": 2,
  "requires": true,
  "packages": {
    "": {
      "name": "websocket_server",
      "version": "1.0.0",
      "license": "GPL-3.0-or-later",
      "dependencies": {
        "g_usermanagent": "file:../g_usermanagent",
        "ws": "^7.4.2"
      }
    },
    "../g_usermanagent": {
      "version": "0.3.0",
      "license": "ISC",
      "dependencies": {
        "bcrypt": "^5.0.0",
        "lowdb": "^1.0.0"
      }
    },
    "node_modules/g_usermanagent": {
      "resolved": "../g_usermanagent",
      "link": true
    },
    "node_modules/ws": {
      "version": "7.5.8",
      "resolved": "https://registry.npmjs.org/ws/-/ws-7.5.8.tgz",
      "integrity": "sha512-ri1Id1WinAX5Jqn9HejiGb8crfRio0Qgu8+MtL36rlTA6RLsMdWt1Az/19A2Qij6uSHUMphEFaTKa4WG+UNHNw==",
      "engines": {
        "node": ">=8.3.0"
      },
      "peerDependencies": {
        "bufferutil": "^4.0.1",
        "utf-8-validate": "^5.0.2"
      },
      "peerDependenciesMeta": {
        "bufferutil": {
          "optional": true
        },
        "utf-8-validate": {
          "optional": true
        }
      }
    }
  },
  "dependencies": {
    "g_usermanagent": {
      "version": "file:../g_usermanagent",
      "requires": {
        "bcrypt": "^5.0.0",
        "lowdb": "^1.0.0"
      }
    },
    "ws": {
      "version": "7.5.8",
      "resolved": "https://registry.npmjs.org/ws/-/ws-7.5.8.tgz",
      "integrity": "sha512-ri1Id1WinAX5Jqn9HejiGb8crfRio0Qgu8+MtL36rlTA6RLsMdWt1Az/19A2Qij6uSHUMphEFaTKa4WG+UNHNw==",
      "requires": {}
    }
  }
}
